
Microsoft Visual Studio Solution File, Format Version 12.00
# Visual Studio Version 17
VisualStudioVersion = 17.10.35013.160
MinimumVisualStudioVersion = 10.0.40219.1
Project("{2150E333-8FDC-42A3-9474-1A3956D46DE8}") = "Src", "Src", "{580553CF-3CCA-4923-97B2-D312E386EF62}"
EndProject
Project("{2150E333-8FDC-42A3-9474-1A3956D46DE8}") = "Test", "Test", "{2B9AE7FB-45E1-41ED-9C9E-AFF927BD2221}"
EndProject
Project("{FAE04EC0-301F-11D3-BF4B-00C04F79EFBC}") = "CacheManager", "Src\CacheManager\CacheManager.csproj", "{52CC5F53-FC4F-4FC5-ABB5-AA743DB02622}"
EndProject
Project("{FAE04EC0-301F-11D3-BF4B-00C04F79EFBC}") = "RedisCacheManager.Test", "Test\RedisCacheManager.Test\RedisCacheManager.Test.csproj", "{9DE61199-DAB0-47E3-9224-7CDF20D74BD5}"
EndProject
Global
	GlobalSection(SolutionConfigurationPlatforms) = preSolution
		Debug|Any CPU = Debug|Any CPU
		Release|Any CPU = Release|Any CPU
	EndGlobalSection
	GlobalSection(ProjectConfigurationPlatforms) = postSolution
		{52CC5F53-FC4F-4FC5-ABB5-AA743DB02622}.Debug|Any CPU.ActiveCfg = Debug|Any CPU
		{52CC5F53-FC4F-4FC5-ABB5-AA743DB02622}.Debug|Any CPU.Build.0 = Debug|Any CPU
		{52CC5F53-FC4F-4FC5-ABB5-AA743DB02622}.Release|Any CPU.ActiveCfg = Release|Any CPU
		{52CC5F53-FC4F-4FC5-ABB5-AA743DB02622}.Release|Any CPU.Build.0 = Release|Any CPU
		{9DE61199-DAB0-47E3-9224-7CDF20D74BD5}.Debug|Any CPU.ActiveCfg = Debug|Any CPU
		{9DE61199-DAB0-47E3-9224-7CDF20D74BD5}.Debug|Any CPU.Build.0 = Debug|Any CPU
		{9DE61199-DAB0-47E3-9224-7CDF20D74BD5}.Release|Any CPU.ActiveCfg = Release|Any CPU
		{9DE61199-DAB0-47E3-9224-7CDF20D74BD5}.Release|Any CPU.Build.0 = Release|Any CPU
	EndGlobalSection
	GlobalSection(SolutionProperties) = preSolution
		HideSolutionNode = FALSE
	EndGlobalSection
	GlobalSection(NestedProjects) = preSolution
		{52CC5F53-FC4F-4FC5-ABB5-AA743DB02622} = {580553CF-3CCA-4923-97B2-D312E386EF62}
		{9DE61199-DAB0-47E3-9224-7CDF20D74BD5} = {2B9AE7FB-45E1-41ED-9C9E-AFF927BD2221}
	EndGlobalSection
	GlobalSection(ExtensibilityGlobals) = postSolution
		SolutionGuid = {0CFAE3C0-66FC-454D-8CBF-6041B360D6DF}
	EndGlobalSection
EndGlobal
